
Microsoft Visual Studio Solution File, Format Version 12.00
# Visual Studio Version 17
VisualStudioVersion = 17.2.32519.379
MinimumVisualStudioVersion = 10.0.40219.1
Project("{9A19103F-16F7-4668-BE54-9A1E7A4F7556}") = "01._The_Fight_for_Gondor", "01._The_Fight_for_Gondor\01._The_Fight_for_Gondor.csproj", "{B8B519FA-D0EE-4726-8A17-B1D1A4CC2626}"
EndProject
Project("{9A19103F-16F7-4668-BE54-9A1E7A4F7556}") = "02._Super_Mario", "02._Super_Mario\02._Super_Mario.csproj", "{AB331CB6-5908-43F1-937E-59C88CF4E5BD}"
EndProject
Project("{9A19103F-16F7-4668-BE54-9A1E7A4F7556}") = "03. Classroom", "03. Classroom\03. Classroom.csproj", "{54700D07-FDCA-446E-88E5-FFB85B0D5A28}"
EndProject
Project("{9A19103F-16F7-4668-BE54-9A1E7A4F7556}") = "01._Warm_Winter", "01._Warm_Winter\01._Warm_Winter.csproj", "{00904634-6891-47F1-957A-488F9E36E6FC}"
EndProject
Project("{9A19103F-16F7-4668-BE54-9A1E7A4F7556}") = "02._Warships", "02._Warships\02._Warships.csproj", "{A416382D-FB39-4267-B351-7680D1B27D47}"
EndProject
Project("{9A19103F-16F7-4668-BE54-9A1E7A4F7556}") = "03._VetClinic", "03._VetClinic\03._VetClinic.csproj", "{9CF8256D-14AC-42C4-9A61-4E32689DD54E}"
EndProject
Project("{9A19103F-16F7-4668-BE54-9A1E7A4F7556}") = "01.MealPlan", "01.MealPlan\01.MealPlan.csproj", "{5FF164CE-2115-4309-954A-97FCEE239D08}"
EndProject
Project("{9A19103F-16F7-4668-BE54-9A1E7A4F7556}") = "02.BeaverAtWork", "02.BeaverAtWork\02.BeaverAtWork.csproj", "{7D6C1B8E-3C6C-4A6B-9DFD-40D9210FDF32}"
EndProject
Project("{9A19103F-16F7-4668-BE54-9A1E7A4F7556}") = "03.Drones", "03.Drones\03.Drones.csproj", "{E6170623-F7B4-4483-82A8-6040DFBEB3E7}"
EndProject
Project("{9A19103F-16F7-4668-BE54-9A1E7A4F7556}") = "01.Blacksmith", "01.Blacksmith\01.Blacksmith.csproj", "{48B91315-9EA8-4DAE-B9CE-A06CF5F16306}"
EndProject
Project("{9A19103F-16F7-4668-BE54-9A1E7A4F7556}") = "02.TruffleHunter", "02.TruffleHunter\02.TruffleHunter.csproj", "{CF842276-CB71-4FA4-93EC-8A77D3E7BF14}"
EndProject
Project("{9A19103F-16F7-4668-BE54-9A1E7A4F7556}") = "03.StockMarket", "03.StockMarket\03.StockMarket.csproj", "{358DF57B-1CD6-4575-9E79-48FA1727C732}"
EndProject
Project("{9A19103F-16F7-4668-BE54-9A1E7A4F7556}") = "01.BakeryShop", "01.BakeryShop\01.BakeryShop.csproj", "{7ED68F85-4A6F-4F16-988C-03296B3C786C}"
EndProject
Project("{9A19103F-16F7-4668-BE54-9A1E7A4F7556}") = "02.PawnWars", "02.PawnWars\02.PawnWars.csproj", "{964DB357-9887-4F01-BEB8-5DBD0C529BF3}"
EndProject
Project("{9A19103F-16F7-4668-BE54-9A1E7A4F7556}") = "03.FishingNet", "03.FishingNet\03.FishingNet.csproj", "{C5CE5817-F402-4E30-AD71-5D0FA613F49A}"
EndProject
Project("{9A19103F-16F7-4668-BE54-9A1E7A4F7556}") = "01.FoodFinder", "01.FoodFinder\01.FoodFinder.csproj", "{56918FE7-AB66-4146-95E5-4AD75256F8F8}"
EndProject
Project("{9A19103F-16F7-4668-BE54-9A1E7A4F7556}") = "02.Armory", "02.Armory\02.Armory.csproj", "{59780F11-A7CC-4ECF-A529-88C3A4DD034F}"
EndProject
Project("{9A19103F-16F7-4668-BE54-9A1E7A4F7556}") = "03.Zoo", "03.Zoo\03.Zoo.csproj", "{9A0A02F8-3CBE-414D-885F-3AA87AD89850}"
EndProject
Project("{9A19103F-16F7-4668-BE54-9A1E7A4F7556}") = "01.Masterchef", "01.Masterchef\01.Masterchef.csproj", "{B8EDE1DA-EFCF-4487-8E9F-07ED36DD67B0}"
EndProject
Project("{9A19103F-16F7-4668-BE54-9A1E7A4F7556}") = "02.Survivor", "02.Survivor\02.Survivor.csproj", "{DA3FFBA3-D191-47EF-89FB-E2654A8645A1}"
EndProject
Project("{9A19103F-16F7-4668-BE54-9A1E7A4F7556}") = "03.SkiRental", "03.SkiRental\03.SkiRental.csproj", "{5B7B6981-905C-46E8-9EBA-14C9C2DA26B2}"
EndProject
Project("{FAE04EC0-301F-11D3-BF4B-00C04F79EFBC}") = "01. Birthday Celebration", "01. Birthday Celebration\01. Birthday Celebration.csproj", "{2D2C4144-ABAA-4226-9D8F-1E3A0706E953}"
EndProject
Project("{FAE04EC0-301F-11D3-BF4B-00C04F79EFBC}") = "02. The Battle of The Five Armies", "02. The Battle of The Five Armies\02. The Battle of The Five Armies.csproj", "{C7F24A98-41F3-4966-B802-CF3E99643F5B}"
EndProject
Project("{FAE04EC0-301F-11D3-BF4B-00C04F79EFBC}") = "03.StreetRacing", "03.StreetRacing\03.StreetRacing.csproj", "{194F2E83-66BE-474A-A4CC-7185BCDE4E32}"
EndProject
Global
	GlobalSection(SolutionConfigurationPlatforms) = preSolution
		Debug|Any CPU = Debug|Any CPU
		Release|Any CPU = Release|Any CPU
	EndGlobalSection
	GlobalSection(ProjectConfigurationPlatforms) = postSolution
		{B8B519FA-D0EE-4726-8A17-B1D1A4CC2626}.Debug|Any CPU.ActiveCfg = Debug|Any CPU
		{B8B519FA-D0EE-4726-8A17-B1D1A4CC2626}.Debug|Any CPU.Build.0 = Debug|Any CPU
		{B8B519FA-D0EE-4726-8A17-B1D1A4CC2626}.Release|Any CPU.ActiveCfg = Release|Any CPU
		{B8B519FA-D0EE-4726-8A17-B1D1A4CC2626}.Release|Any CPU.Build.0 = Release|Any CPU
		{AB331CB6-5908-43F1-937E-59C88CF4E5BD}.Debug|Any CPU.ActiveCfg = Debug|Any CPU
		{AB331CB6-5908-43F1-937E-59C88CF4E5BD}.Debug|Any CPU.Build.0 = Debug|Any CPU
		{AB331CB6-5908-43F1-937E-59C88CF4E5BD}.Release|Any CPU.ActiveCfg = Release|Any CPU
		{AB331CB6-5908-43F1-937E-59C88CF4E5BD}.Release|Any CPU.Build.0 = Release|Any CPU
		{54700D07-FDCA-446E-88E5-FFB85B0D5A28}.Debug|Any CPU.ActiveCfg = Debug|Any CPU
		{54700D07-FDCA-446E-88E5-FFB85B0D5A28}.Debug|Any CPU.Build.0 = Debug|Any CPU
		{54700D07-FDCA-446E-88E5-FFB85B0D5A28}.Release|Any CPU.ActiveCfg = Release|Any CPU
		{54700D07-FDCA-446E-88E5-FFB85B0D5A28}.Release|Any CPU.Build.0 = Release|Any CPU
		{00904634-6891-47F1-957A-488F9E36E6FC}.Debug|Any CPU.ActiveCfg = Debug|Any CPU
		{00904634-6891-47F1-957A-488F9E36E6FC}.Debug|Any CPU.Build.0 = Debug|Any CPU
		{00904634-6891-47F1-957A-488F9E36E6FC}.Release|Any CPU.ActiveCfg = Release|Any CPU
		{00904634-6891-47F1-957A-488F9E36E6FC}.Release|Any CPU.Build.0 = Release|Any CPU
		{A416382D-FB39-4267-B351-7680D1B27D47}.Debug|Any CPU.ActiveCfg = Debug|Any CPU
		{A416382D-FB39-4267-B351-7680D1B27D47}.Debug|Any CPU.Build.0 = Debug|Any CPU
		{A416382D-FB39-4267-B351-7680D1B27D47}.Release|Any CPU.ActiveCfg = Release|Any CPU
		{A416382D-FB39-4267-B351-7680D1B27D47}.Release|Any CPU.Build.0 = Release|Any CPU
		{9CF8256D-14AC-42C4-9A61-4E32689DD54E}.Debug|Any CPU.ActiveCfg = Debug|Any CPU
		{9CF8256D-14AC-42C4-9A61-4E32689DD54E}.Debug|Any CPU.Build.0 = Debug|Any CPU
		{9CF8256D-14AC-42C4-9A61-4E32689DD54E}.Release|Any CPU.ActiveCfg = Release|Any CPU
		{9CF8256D-14AC-42C4-9A61-4E32689DD54E}.Release|Any CPU.Build.0 = Release|Any CPU
		{5FF164CE-2115-4309-954A-97FCEE239D08}.Debug|Any CPU.ActiveCfg = Debug|Any CPU
		{5FF164CE-2115-4309-954A-97FCEE239D08}.Debug|Any CPU.Build.0 = Debug|Any CPU
		{5FF164CE-2115-4309-954A-97FCEE239D08}.Release|Any CPU.ActiveCfg = Release|Any CPU
		{5FF164CE-2115-4309-954A-97FCEE239D08}.Release|Any CPU.Build.0 = Release|Any CPU
		{7D6C1B8E-3C6C-4A6B-9DFD-40D9210FDF32}.Debug|Any CPU.ActiveCfg = Debug|Any CPU
		{7D6C1B8E-3C6C-4A6B-9DFD-40D9210FDF32}.Debug|Any CPU.Build.0 = Debug|Any CPU
		{7D6C1B8E-3C6C-4A6B-9DFD-40D9210FDF32}.Release|Any CPU.ActiveCfg = Release|Any CPU
		{7D6C1B8E-3C6C-4A6B-9DFD-40D9210FDF32}.Release|Any CPU.Build.0 = Release|Any CPU
		{E6170623-F7B4-4483-82A8-6040DFBEB3E7}.Debug|Any CPU.ActiveCfg = Debug|Any CPU
		{E6170623-F7B4-4483-82A8-6040DFBEB3E7}.Debug|Any CPU.Build.0 = Debug|Any CPU
		{E6170623-F7B4-4483-82A8-6040DFBEB3E7}.Release|Any CPU.ActiveCfg = Release|Any CPU
		{E6170623-F7B4-4483-82A8-6040DFBEB3E7}.Release|Any CPU.Build.0 = Release|Any CPU
		{48B91315-9EA8-4DAE-B9CE-A06CF5F16306}.Debug|Any CPU.ActiveCfg = Debug|Any CPU
		{48B91315-9EA8-4DAE-B9CE-A06CF5F16306}.Debug|Any CPU.Build.0 = Debug|Any CPU
		{48B91315-9EA8-4DAE-B9CE-A06CF5F16306}.Release|Any CPU.ActiveCfg = Release|Any CPU
		{48B91315-9EA8-4DAE-B9CE-A06CF5F16306}.Release|Any CPU.Build.0 = Release|Any CPU
		{CF842276-CB71-4FA4-93EC-8A77D3E7BF14}.Debug|Any CPU.ActiveCfg = Debug|Any CPU
		{CF842276-CB71-4FA4-93EC-8A77D3E7BF14}.Debug|Any CPU.Build.0 = Debug|Any CPU
		{CF842276-CB71-4FA4-93EC-8A77D3E7BF14}.Release|Any CPU.ActiveCfg = Release|Any CPU
		{CF842276-CB71-4FA4-93EC-8A77D3E7BF14}.Release|Any CPU.Build.0 = Release|Any CPU
		{358DF57B-1CD6-4575-9E79-48FA1727C732}.Debug|Any CPU.ActiveCfg = Debug|Any CPU
		{358DF57B-1CD6-4575-9E79-48FA1727C732}.Debug|Any CPU.Build.0 = Debug|Any CPU
		{358DF57B-1CD6-4575-9E79-48FA1727C732}.Release|Any CPU.ActiveCfg = Release|Any CPU
		{358DF57B-1CD6-4575-9E79-48FA1727C732}.Release|Any CPU.Build.0 = Release|Any CPU
		{7ED68F85-4A6F-4F16-988C-03296B3C786C}.Debug|Any CPU.ActiveCfg = Debug|Any CPU
		{7ED68F85-4A6F-4F16-988C-03296B3C786C}.Debug|Any CPU.Build.0 = Debug|Any CPU
		{7ED68F85-4A6F-4F16-988C-03296B3C786C}.Release|Any CPU.ActiveCfg = Release|Any CPU
		{7ED68F85-4A6F-4F16-988C-03296B3C786C}.Release|Any CPU.Build.0 = Release|Any CPU
		{964DB357-9887-4F01-BEB8-5DBD0C529BF3}.Debug|Any CPU.ActiveCfg = Debug|Any CPU
		{964DB357-9887-4F01-BEB8-5DBD0C529BF3}.Debug|Any CPU.Build.0 = Debug|Any CPU
		{964DB357-9887-4F01-BEB8-5DBD0C529BF3}.Release|Any CPU.ActiveCfg = Release|Any CPU
		{964DB357-9887-4F01-BEB8-5DBD0C529BF3}.Release|Any CPU.Build.0 = Release|Any CPU
		{C5CE5817-F402-4E30-AD71-5D0FA613F49A}.Debug|Any CPU.ActiveCfg = Debug|Any CPU
		{C5CE5817-F402-4E30-AD71-5D0FA613F49A}.Debug|Any CPU.Build.0 = Debug|Any CPU
		{C5CE5817-F402-4E30-AD71-5D0FA613F49A}.Release|Any CPU.ActiveCfg = Release|Any CPU
		{C5CE5817-F402-4E30-AD71-5D0FA613F49A}.Release|Any CPU.Build.0 = Release|Any CPU
		{56918FE7-AB66-4146-95E5-4AD75256F8F8}.Debug|Any CPU.ActiveCfg = Debug|Any CPU
		{56918FE7-AB66-4146-95E5-4AD75256F8F8}.Debug|Any CPU.Build.0 = Debug|Any CPU
		{56918FE7-AB66-4146-95E5-4AD75256F8F8}.Release|Any CPU.ActiveCfg = Release|Any CPU
		{56918FE7-AB66-4146-95E5-4AD75256F8F8}.Release|Any CPU.Build.0 = Release|Any CPU
		{59780F11-A7CC-4ECF-A529-88C3A4DD034F}.Debug|Any CPU.ActiveCfg = Debug|Any CPU
		{59780F11-A7CC-4ECF-A529-88C3A4DD034F}.Debug|Any CPU.Build.0 = Debug|Any CPU
		{59780F11-A7CC-4ECF-A529-88C3A4DD034F}.Release|Any CPU.ActiveCfg = Release|Any CPU
		{59780F11-A7CC-4ECF-A529-88C3A4DD034F}.Release|Any CPU.Build.0 = Release|Any CPU
		{9A0A02F8-3CBE-414D-885F-3AA87AD89850}.Debug|Any CPU.ActiveCfg = Debug|Any CPU
		{9A0A02F8-3CBE-414D-885F-3AA87AD89850}.Debug|Any CPU.Build.0 = Debug|Any CPU
		{9A0A02F8-3CBE-414D-885F-3AA87AD89850}.Release|Any CPU.ActiveCfg = Release|Any CPU
		{9A0A02F8-3CBE-414D-885F-3AA87AD89850}.Release|Any CPU.Build.0 = Release|Any CPU
		{B8EDE1DA-EFCF-4487-8E9F-07ED36DD67B0}.Debug|Any CPU.ActiveCfg = Debug|Any CPU
		{B8EDE1DA-EFCF-4487-8E9F-07ED36DD67B0}.Debug|Any CPU.Build.0 = Debug|Any CPU
		{B8EDE1DA-EFCF-4487-8E9F-07ED36DD67B0}.Release|Any CPU.ActiveCfg = Release|Any CPU
		{B8EDE1DA-EFCF-4487-8E9F-07ED36DD67B0}.Release|Any CPU.Build.0 = Release|Any CPU
		{DA3FFBA3-D191-47EF-89FB-E2654A8645A1}.Debug|Any CPU.ActiveCfg = Debug|Any CPU
		{DA3FFBA3-D191-47EF-89FB-E2654A8645A1}.Debug|Any CPU.Build.0 = Debug|Any CPU
		{DA3FFBA3-D191-47EF-89FB-E2654A8645A1}.Release|Any CPU.ActiveCfg = Release|Any CPU
		{DA3FFBA3-D191-47EF-89FB-E2654A8645A1}.Release|Any CPU.Build.0 = Release|Any CPU
		{5B7B6981-905C-46E8-9EBA-14C9C2DA26B2}.Debug|Any CPU.ActiveCfg = Debug|Any CPU
		{5B7B6981-905C-46E8-9EBA-14C9C2DA26B2}.Debug|Any CPU.Build.0 = Debug|Any CPU
		{5B7B6981-905C-46E8-9EBA-14C9C2DA26B2}.Release|Any CPU.ActiveCfg = Release|Any CPU
		{5B7B6981-905C-46E8-9EBA-14C9C2DA26B2}.Release|Any CPU.Build.0 = Release|Any CPU
		{2D2C4144-ABAA-4226-9D8F-1E3A0706E953}.Debug|Any CPU.ActiveCfg = Debug|Any CPU
		{2D2C4144-ABAA-4226-9D8F-1E3A0706E953}.Debug|Any CPU.Build.0 = Debug|Any CPU
		{2D2C4144-ABAA-4226-9D8F-1E3A0706E953}.Release|Any CPU.ActiveCfg = Release|Any CPU
		{2D2C4144-ABAA-4226-9D8F-1E3A0706E953}.Release|Any CPU.Build.0 = Release|Any CPU
		{C7F24A98-41F3-4966-B802-CF3E99643F5B}.Debug|Any CPU.ActiveCfg = Debug|Any CPU
		{C7F24A98-41F3-4966-B802-CF3E99643F5B}.Debug|Any CPU.Build.0 = Debug|Any CPU
		{C7F24A98-41F3-4966-B802-CF3E99643F5B}.Release|Any CPU.ActiveCfg = Release|Any CPU
		{C7F24A98-41F3-4966-B802-CF3E99643F5B}.Release|Any CPU.Build.0 = Release|Any CPU
		{194F2E83-66BE-474A-A4CC-7185BCDE4E32}.Debug|Any CPU.ActiveCfg = Debug|Any CPU
		{194F2E83-66BE-474A-A4CC-7185BCDE4E32}.Debug|Any CPU.Build.0 = Debug|Any CPU
		{194F2E83-66BE-474A-A4CC-7185BCDE4E32}.Release|Any CPU.ActiveCfg = Release|Any CPU
		{194F2E83-66BE-474A-A4CC-7185BCDE4E32}.Release|Any CPU.Build.0 = Release|Any CPU
	EndGlobalSection
	GlobalSection(SolutionProperties) = preSolution
		HideSolutionNode = FALSE
	EndGlobalSection
	GlobalSection(ExtensibilityGlobals) = postSolution
		SolutionGuid = {5CF667DC-1C9C-4ACE-B35D-1DA02D8ED379}
	EndGlobalSection
EndGlobal
