
Microsoft Visual Studio Solution File, Format Version 12.00
# Visual Studio Version 17
VisualStudioVersion = 17.2.32519.379
MinimumVisualStudioVersion = 10.0.40219.1
Project("{FAE04EC0-301F-11D3-BF4B-00C04F79EFBC}") = "Iterators and Comparators - Exercise", "18.Iterators and Comparators - Exercise\Iterators and Comparators - Exercise.csproj", "{0026DBEF-B90C-4C43-8E63-2A7F84FA7CFD}"
EndProject
Project("{FAE04EC0-301F-11D3-BF4B-00C04F79EFBC}") = "01.ListyIterator", "01.ListyIterator\01.ListyIterator.csproj", "{B7404559-F185-4560-917F-783D4AC0FD4B}"
EndProject
Project("{FAE04EC0-301F-11D3-BF4B-00C04F79EFBC}") = "02.Collection", "02.Collection\02.Collection.csproj", "{0DEC15CE-4311-4345-B575-C4A280FB97F6}"
EndProject
Project("{FAE04EC0-301F-11D3-BF4B-00C04F79EFBC}") = "03.Stack", "03.Stack\03.Stack.csproj", "{CF387BA4-3DBE-46A6-A922-1E0FAA308B9B}"
EndProject
Project("{FAE04EC0-301F-11D3-BF4B-00C04F79EFBC}") = "04.Froggy", "04.Froggy\04.Froggy.csproj", "{70B60005-BB7C-4F20-AA0C-862233B55614}"
EndProject
Project("{FAE04EC0-301F-11D3-BF4B-00C04F79EFBC}") = "05.ComparingObjects", "05.ComparingObjects\05.ComparingObjects.csproj", "{9FDDD86C-727D-49F0-A2DD-3418AA621F90}"
EndProject
Project("{FAE04EC0-301F-11D3-BF4B-00C04F79EFBC}") = "06.EqualityLogicBONUS", "06.EqualityLogicBONUS\06.EqualityLogicBONUS.csproj", "{A9080C90-FEBF-4370-BA87-B2B2C8887F10}"
EndProject
Project("{FAE04EC0-301F-11D3-BF4B-00C04F79EFBC}") = "07. Custom Comparator", "07. Custom Comparator\07. Custom Comparator.csproj", "{57EF773C-43AD-468F-8415-DC16E1542FE0}"
EndProject
Global
	GlobalSection(SolutionConfigurationPlatforms) = preSolution
		Debug|Any CPU = Debug|Any CPU
		Release|Any CPU = Release|Any CPU
	EndGlobalSection
	GlobalSection(ProjectConfigurationPlatforms) = postSolution
		{0026DBEF-B90C-4C43-8E63-2A7F84FA7CFD}.Debug|Any CPU.ActiveCfg = Debug|Any CPU
		{0026DBEF-B90C-4C43-8E63-2A7F84FA7CFD}.Debug|Any CPU.Build.0 = Debug|Any CPU
		{0026DBEF-B90C-4C43-8E63-2A7F84FA7CFD}.Release|Any CPU.ActiveCfg = Release|Any CPU
		{0026DBEF-B90C-4C43-8E63-2A7F84FA7CFD}.Release|Any CPU.Build.0 = Release|Any CPU
		{B7404559-F185-4560-917F-783D4AC0FD4B}.Debug|Any CPU.ActiveCfg = Debug|Any CPU
		{B7404559-F185-4560-917F-783D4AC0FD4B}.Debug|Any CPU.Build.0 = Debug|Any CPU
		{B7404559-F185-4560-917F-783D4AC0FD4B}.Release|Any CPU.ActiveCfg = Release|Any CPU
		{B7404559-F185-4560-917F-783D4AC0FD4B}.Release|Any CPU.Build.0 = Release|Any CPU
		{0DEC15CE-4311-4345-B575-C4A280FB97F6}.Debug|Any CPU.ActiveCfg = Debug|Any CPU
		{0DEC15CE-4311-4345-B575-C4A280FB97F6}.Debug|Any CPU.Build.0 = Debug|Any CPU
		{0DEC15CE-4311-4345-B575-C4A280FB97F6}.Release|Any CPU.ActiveCfg = Release|Any CPU
		{0DEC15CE-4311-4345-B575-C4A280FB97F6}.Release|Any CPU.Build.0 = Release|Any CPU
		{CF387BA4-3DBE-46A6-A922-1E0FAA308B9B}.Debug|Any CPU.ActiveCfg = Debug|Any CPU
		{CF387BA4-3DBE-46A6-A922-1E0FAA308B9B}.Debug|Any CPU.Build.0 = Debug|Any CPU
		{CF387BA4-3DBE-46A6-A922-1E0FAA308B9B}.Release|Any CPU.ActiveCfg = Release|Any CPU
		{CF387BA4-3DBE-46A6-A922-1E0FAA308B9B}.Release|Any CPU.Build.0 = Release|Any CPU
		{70B60005-BB7C-4F20-AA0C-862233B55614}.Debug|Any CPU.ActiveCfg = Debug|Any CPU
		{70B60005-BB7C-4F20-AA0C-862233B55614}.Debug|Any CPU.Build.0 = Debug|Any CPU
		{70B60005-BB7C-4F20-AA0C-862233B55614}.Release|Any CPU.ActiveCfg = Release|Any CPU
		{70B60005-BB7C-4F20-AA0C-862233B55614}.Release|Any CPU.Build.0 = Release|Any CPU
		{9FDDD86C-727D-49F0-A2DD-3418AA621F90}.Debug|Any CPU.ActiveCfg = Debug|Any CPU
		{9FDDD86C-727D-49F0-A2DD-3418AA621F90}.Debug|Any CPU.Build.0 = Debug|Any CPU
		{9FDDD86C-727D-49F0-A2DD-3418AA621F90}.Release|Any CPU.ActiveCfg = Release|Any CPU
		{9FDDD86C-727D-49F0-A2DD-3418AA621F90}.Release|Any CPU.Build.0 = Release|Any CPU
		{A9080C90-FEBF-4370-BA87-B2B2C8887F10}.Debug|Any CPU.ActiveCfg = Debug|Any CPU
		{A9080C90-FEBF-4370-BA87-B2B2C8887F10}.Debug|Any CPU.Build.0 = Debug|Any CPU
		{A9080C90-FEBF-4370-BA87-B2B2C8887F10}.Release|Any CPU.ActiveCfg = Release|Any CPU
		{A9080C90-FEBF-4370-BA87-B2B2C8887F10}.Release|Any CPU.Build.0 = Release|Any CPU
		{57EF773C-43AD-468F-8415-DC16E1542FE0}.Debug|Any CPU.ActiveCfg = Debug|Any CPU
		{57EF773C-43AD-468F-8415-DC16E1542FE0}.Debug|Any CPU.Build.0 = Debug|Any CPU
		{57EF773C-43AD-468F-8415-DC16E1542FE0}.Release|Any CPU.ActiveCfg = Release|Any CPU
		{57EF773C-43AD-468F-8415-DC16E1542FE0}.Release|Any CPU.Build.0 = Release|Any CPU
	EndGlobalSection
	GlobalSection(SolutionProperties) = preSolution
		HideSolutionNode = FALSE
	EndGlobalSection
	GlobalSection(ExtensibilityGlobals) = postSolution
		SolutionGuid = {E2E7B9A2-1861-4574-8039-404412508BED}
	EndGlobalSection
EndGlobal
