
Microsoft Visual Studio Solution File, Format Version 12.00
# Visual Studio Version 17
VisualStudioVersion = 17.2.32519.379
MinimumVisualStudioVersion = 10.0.40219.1
Project("{FAE04EC0-301F-11D3-BF4B-00C04F79EFBC}") = "Functional Programming - Lab", "09.Functional Programming - Lab\Functional Programming - Lab.csproj", "{9AC12EA2-0C1F-43FF-9C41-F3C830003F52}"
EndProject
Project("{FAE04EC0-301F-11D3-BF4B-00C04F79EFBC}") = "01. Sort Even Numbers", "01. Sort Even Numbers\01. Sort Even Numbers.csproj", "{30DE44E6-3D44-48E7-84D8-70E7D00F8C2A}"
EndProject
Project("{FAE04EC0-301F-11D3-BF4B-00C04F79EFBC}") = "02. Sum Numbers", "02. Sum Numbers\02. Sum Numbers.csproj", "{4C9CD31B-AEE5-430D-9E3E-91451BE9AD5F}"
EndProject
Project("{FAE04EC0-301F-11D3-BF4B-00C04F79EFBC}") = "03. Count Uppercase Words", "03. Count Uppercase Words\03. Count Uppercase Words.csproj", "{BC8B5B89-BC89-4DFE-B913-0B83266F8D73}"
EndProject
Project("{FAE04EC0-301F-11D3-BF4B-00C04F79EFBC}") = "04. Add VAT", "04. Add VAT\04. Add VAT.csproj", "{6A5A2504-A086-4F4B-9197-4C55A05F3B44}"
EndProject
Project("{FAE04EC0-301F-11D3-BF4B-00C04F79EFBC}") = "05. Filter By Age", "05. Filter By Age\05. Filter By Age.csproj", "{4FA322E5-0259-4FBC-A25F-1D3CB91FC277}"
EndProject
Global
	GlobalSection(SolutionConfigurationPlatforms) = preSolution
		Debug|Any CPU = Debug|Any CPU
		Release|Any CPU = Release|Any CPU
	EndGlobalSection
	GlobalSection(ProjectConfigurationPlatforms) = postSolution
		{9AC12EA2-0C1F-43FF-9C41-F3C830003F52}.Debug|Any CPU.ActiveCfg = Debug|Any CPU
		{9AC12EA2-0C1F-43FF-9C41-F3C830003F52}.Debug|Any CPU.Build.0 = Debug|Any CPU
		{9AC12EA2-0C1F-43FF-9C41-F3C830003F52}.Release|Any CPU.ActiveCfg = Release|Any CPU
		{9AC12EA2-0C1F-43FF-9C41-F3C830003F52}.Release|Any CPU.Build.0 = Release|Any CPU
		{30DE44E6-3D44-48E7-84D8-70E7D00F8C2A}.Debug|Any CPU.ActiveCfg = Debug|Any CPU
		{30DE44E6-3D44-48E7-84D8-70E7D00F8C2A}.Debug|Any CPU.Build.0 = Debug|Any CPU
		{30DE44E6-3D44-48E7-84D8-70E7D00F8C2A}.Release|Any CPU.ActiveCfg = Release|Any CPU
		{30DE44E6-3D44-48E7-84D8-70E7D00F8C2A}.Release|Any CPU.Build.0 = Release|Any CPU
		{4C9CD31B-AEE5-430D-9E3E-91451BE9AD5F}.Debug|Any CPU.ActiveCfg = Debug|Any CPU
		{4C9CD31B-AEE5-430D-9E3E-91451BE9AD5F}.Debug|Any CPU.Build.0 = Debug|Any CPU
		{4C9CD31B-AEE5-430D-9E3E-91451BE9AD5F}.Release|Any CPU.ActiveCfg = Release|Any CPU
		{4C9CD31B-AEE5-430D-9E3E-91451BE9AD5F}.Release|Any CPU.Build.0 = Release|Any CPU
		{BC8B5B89-BC89-4DFE-B913-0B83266F8D73}.Debug|Any CPU.ActiveCfg = Debug|Any CPU
		{BC8B5B89-BC89-4DFE-B913-0B83266F8D73}.Debug|Any CPU.Build.0 = Debug|Any CPU
		{BC8B5B89-BC89-4DFE-B913-0B83266F8D73}.Release|Any CPU.ActiveCfg = Release|Any CPU
		{BC8B5B89-BC89-4DFE-B913-0B83266F8D73}.Release|Any CPU.Build.0 = Release|Any CPU
		{6A5A2504-A086-4F4B-9197-4C55A05F3B44}.Debug|Any CPU.ActiveCfg = Debug|Any CPU
		{6A5A2504-A086-4F4B-9197-4C55A05F3B44}.Debug|Any CPU.Build.0 = Debug|Any CPU
		{6A5A2504-A086-4F4B-9197-4C55A05F3B44}.Release|Any CPU.ActiveCfg = Release|Any CPU
		{6A5A2504-A086-4F4B-9197-4C55A05F3B44}.Release|Any CPU.Build.0 = Release|Any CPU
		{4FA322E5-0259-4FBC-A25F-1D3CB91FC277}.Debug|Any CPU.ActiveCfg = Debug|Any CPU
		{4FA322E5-0259-4FBC-A25F-1D3CB91FC277}.Debug|Any CPU.Build.0 = Debug|Any CPU
		{4FA322E5-0259-4FBC-A25F-1D3CB91FC277}.Release|Any CPU.ActiveCfg = Release|Any CPU
		{4FA322E5-0259-4FBC-A25F-1D3CB91FC277}.Release|Any CPU.Build.0 = Release|Any CPU
	EndGlobalSection
	GlobalSection(SolutionProperties) = preSolution
		HideSolutionNode = FALSE
	EndGlobalSection
	GlobalSection(ExtensibilityGlobals) = postSolution
		SolutionGuid = {C04D4869-B711-48AB-8EE0-8BC4966F5188}
	EndGlobalSection
EndGlobal
