
Microsoft Visual Studio Solution File, Format Version 12.00
# Visual Studio Version 17
VisualStudioVersion = 17.1.32228.430
MinimumVisualStudioVersion = 10.0.40219.1
Project("{9A19103F-16F7-4668-BE54-9A1E7A4F7556}") = "001OldBooks", "Lesson011\001OldBooks.csproj", "{5CB9D8A5-D48E-4C4F-BAB6-DA9B9B39C968}"
EndProject
Project("{9A19103F-16F7-4668-BE54-9A1E7A4F7556}") = "002ExamPreparation", "002ExamPreparation\002ExamPreparation.csproj", "{C9CF9883-D793-4017-99C0-3E81D9EB7400}"
EndProject
Project("{9A19103F-16F7-4668-BE54-9A1E7A4F7556}") = "003Vacation", "003Vacation\003Vacation.csproj", "{95AF79FF-49F7-4326-B94A-98A938837A63}"
EndProject
Project("{9A19103F-16F7-4668-BE54-9A1E7A4F7556}") = "AccountBalance", "ConsoleApp1\AccountBalance.csproj", "{8EFC4CA9-50BF-41A4-B97D-68014D0B0EFA}"
EndProject
Project("{9A19103F-16F7-4668-BE54-9A1E7A4F7556}") = "004Walking", "004Walking\004Walking.csproj", "{706B2B35-377E-4953-9FFF-D3C00D918A8E}"
EndProject
Project("{9A19103F-16F7-4668-BE54-9A1E7A4F7556}") = "005Coins", "005Coins\005Coins.csproj", "{B920B1EF-E460-45B6-AE94-28B7FB3006F0}"
EndProject
Project("{9A19103F-16F7-4668-BE54-9A1E7A4F7556}") = "006Cake", "006Cake\006Cake.csproj", "{77F20875-BCC5-4DF3-8DCC-BCB53EF60AEE}"
EndProject
Project("{9A19103F-16F7-4668-BE54-9A1E7A4F7556}") = "007Moving", "007Moving\007Moving.csproj", "{2FF80E90-8DE4-4839-9BE3-742EE228A828}"
EndProject
Global
	GlobalSection(SolutionConfigurationPlatforms) = preSolution
		Debug|Any CPU = Debug|Any CPU
		Release|Any CPU = Release|Any CPU
	EndGlobalSection
	GlobalSection(ProjectConfigurationPlatforms) = postSolution
		{5CB9D8A5-D48E-4C4F-BAB6-DA9B9B39C968}.Debug|Any CPU.ActiveCfg = Debug|Any CPU
		{5CB9D8A5-D48E-4C4F-BAB6-DA9B9B39C968}.Debug|Any CPU.Build.0 = Debug|Any CPU
		{5CB9D8A5-D48E-4C4F-BAB6-DA9B9B39C968}.Release|Any CPU.ActiveCfg = Release|Any CPU
		{5CB9D8A5-D48E-4C4F-BAB6-DA9B9B39C968}.Release|Any CPU.Build.0 = Release|Any CPU
		{C9CF9883-D793-4017-99C0-3E81D9EB7400}.Debug|Any CPU.ActiveCfg = Debug|Any CPU
		{C9CF9883-D793-4017-99C0-3E81D9EB7400}.Debug|Any CPU.Build.0 = Debug|Any CPU
		{C9CF9883-D793-4017-99C0-3E81D9EB7400}.Release|Any CPU.ActiveCfg = Release|Any CPU
		{C9CF9883-D793-4017-99C0-3E81D9EB7400}.Release|Any CPU.Build.0 = Release|Any CPU
		{95AF79FF-49F7-4326-B94A-98A938837A63}.Debug|Any CPU.ActiveCfg = Debug|Any CPU
		{95AF79FF-49F7-4326-B94A-98A938837A63}.Debug|Any CPU.Build.0 = Debug|Any CPU
		{95AF79FF-49F7-4326-B94A-98A938837A63}.Release|Any CPU.ActiveCfg = Release|Any CPU
		{95AF79FF-49F7-4326-B94A-98A938837A63}.Release|Any CPU.Build.0 = Release|Any CPU
		{8EFC4CA9-50BF-41A4-B97D-68014D0B0EFA}.Debug|Any CPU.ActiveCfg = Debug|Any CPU
		{8EFC4CA9-50BF-41A4-B97D-68014D0B0EFA}.Debug|Any CPU.Build.0 = Debug|Any CPU
		{8EFC4CA9-50BF-41A4-B97D-68014D0B0EFA}.Release|Any CPU.ActiveCfg = Release|Any CPU
		{8EFC4CA9-50BF-41A4-B97D-68014D0B0EFA}.Release|Any CPU.Build.0 = Release|Any CPU
		{706B2B35-377E-4953-9FFF-D3C00D918A8E}.Debug|Any CPU.ActiveCfg = Debug|Any CPU
		{706B2B35-377E-4953-9FFF-D3C00D918A8E}.Debug|Any CPU.Build.0 = Debug|Any CPU
		{706B2B35-377E-4953-9FFF-D3C00D918A8E}.Release|Any CPU.ActiveCfg = Release|Any CPU
		{706B2B35-377E-4953-9FFF-D3C00D918A8E}.Release|Any CPU.Build.0 = Release|Any CPU
		{B920B1EF-E460-45B6-AE94-28B7FB3006F0}.Debug|Any CPU.ActiveCfg = Debug|Any CPU
		{B920B1EF-E460-45B6-AE94-28B7FB3006F0}.Debug|Any CPU.Build.0 = Debug|Any CPU
		{B920B1EF-E460-45B6-AE94-28B7FB3006F0}.Release|Any CPU.ActiveCfg = Release|Any CPU
		{B920B1EF-E460-45B6-AE94-28B7FB3006F0}.Release|Any CPU.Build.0 = Release|Any CPU
		{77F20875-BCC5-4DF3-8DCC-BCB53EF60AEE}.Debug|Any CPU.ActiveCfg = Debug|Any CPU
		{77F20875-BCC5-4DF3-8DCC-BCB53EF60AEE}.Debug|Any CPU.Build.0 = Debug|Any CPU
		{77F20875-BCC5-4DF3-8DCC-BCB53EF60AEE}.Release|Any CPU.ActiveCfg = Release|Any CPU
		{77F20875-BCC5-4DF3-8DCC-BCB53EF60AEE}.Release|Any CPU.Build.0 = Release|Any CPU
		{2FF80E90-8DE4-4839-9BE3-742EE228A828}.Debug|Any CPU.ActiveCfg = Debug|Any CPU
		{2FF80E90-8DE4-4839-9BE3-742EE228A828}.Debug|Any CPU.Build.0 = Debug|Any CPU
		{2FF80E90-8DE4-4839-9BE3-742EE228A828}.Release|Any CPU.ActiveCfg = Release|Any CPU
		{2FF80E90-8DE4-4839-9BE3-742EE228A828}.Release|Any CPU.Build.0 = Release|Any CPU
	EndGlobalSection
	GlobalSection(SolutionProperties) = preSolution
		HideSolutionNode = FALSE
	EndGlobalSection
	GlobalSection(ExtensibilityGlobals) = postSolution
		SolutionGuid = {0293B245-6F1E-43B8-89AE-675A198521E2}
	EndGlobalSection
EndGlobal
