
Microsoft Visual Studio Solution File, Format Version 12.00
# Visual Studio Version 17
VisualStudioVersion = 17.4.33205.214
MinimumVisualStudioVersion = 10.0.40219.1
Project("{9A19103F-16F7-4668-BE54-9A1E7A4F7556}") = "FastFood.Web", "FastFood.Core\FastFood.Web.csproj", "{3488DA13-174A-4DD0-994C-DC50045FCE20}"
EndProject
Project("{9A19103F-16F7-4668-BE54-9A1E7A4F7556}") = "FastFood.Data", "FastFood.Data\FastFood.Data.csproj", "{A1D9CC7E-163C-4025-9857-948E8F44C7FA}"
EndProject
Project("{9A19103F-16F7-4668-BE54-9A1E7A4F7556}") = "FastFood.Models", "FastFood.Models\FastFood.Models.csproj", "{BB6F0165-F136-42AB-93E3-1A4E5E9641E4}"
EndProject
Project("{FAE04EC0-301F-11D3-BF4B-00C04F79EFBC}") = "FastFood.Common", "FastFood.Common\FastFood.Common.csproj", "{B2F8D930-F615-4AD1-A6D2-CEA178F8A889}"
EndProject
Project("{2150E333-8FDC-42A3-9474-1A3956D46DE8}") = "Data", "Data", "{39422754-7F67-496E-AFD0-091C69E40DEA}"
EndProject
Project("{2150E333-8FDC-42A3-9474-1A3956D46DE8}") = "Web", "Web", "{B5AB804F-745D-4240-8CBF-4A73B3DE2A50}"
EndProject
Project("{2150E333-8FDC-42A3-9474-1A3956D46DE8}") = "Services", "Services", "{596D839F-315D-414D-AC83-A04284512F43}"
EndProject
Project("{FAE04EC0-301F-11D3-BF4B-00C04F79EFBC}") = "FastFood.Services.Mapping", "FastFood.Services.Mapping\FastFood.Services.Mapping.csproj", "{07A46CF2-71F6-4A85-9B0D-BFF1062398E1}"
EndProject
Project("{FAE04EC0-301F-11D3-BF4B-00C04F79EFBC}") = "FastFood.Services.Data", "FastFood.Services.Data\FastFood.Services.Data.csproj", "{AD641794-5B2F-45E3-B2FC-B278B74A5071}"
EndProject
Project("{FAE04EC0-301F-11D3-BF4B-00C04F79EFBC}") = "FastFood.Web.ViewModels", "FastFood.Web.ViewModels\FastFood.Web.ViewModels.csproj", "{EAE39FCB-7806-4AF9-9F8D-663718D50662}"
EndProject
Global
	GlobalSection(SolutionConfigurationPlatforms) = preSolution
		Debug|Any CPU = Debug|Any CPU
		Release|Any CPU = Release|Any CPU
	EndGlobalSection
	GlobalSection(ProjectConfigurationPlatforms) = postSolution
		{3488DA13-174A-4DD0-994C-DC50045FCE20}.Debug|Any CPU.ActiveCfg = Debug|Any CPU
		{3488DA13-174A-4DD0-994C-DC50045FCE20}.Debug|Any CPU.Build.0 = Debug|Any CPU
		{3488DA13-174A-4DD0-994C-DC50045FCE20}.Release|Any CPU.ActiveCfg = Release|Any CPU
		{3488DA13-174A-4DD0-994C-DC50045FCE20}.Release|Any CPU.Build.0 = Release|Any CPU
		{A1D9CC7E-163C-4025-9857-948E8F44C7FA}.Debug|Any CPU.ActiveCfg = Debug|Any CPU
		{A1D9CC7E-163C-4025-9857-948E8F44C7FA}.Debug|Any CPU.Build.0 = Debug|Any CPU
		{A1D9CC7E-163C-4025-9857-948E8F44C7FA}.Release|Any CPU.ActiveCfg = Release|Any CPU
		{A1D9CC7E-163C-4025-9857-948E8F44C7FA}.Release|Any CPU.Build.0 = Release|Any CPU
		{BB6F0165-F136-42AB-93E3-1A4E5E9641E4}.Debug|Any CPU.ActiveCfg = Debug|Any CPU
		{BB6F0165-F136-42AB-93E3-1A4E5E9641E4}.Debug|Any CPU.Build.0 = Debug|Any CPU
		{BB6F0165-F136-42AB-93E3-1A4E5E9641E4}.Release|Any CPU.ActiveCfg = Release|Any CPU
		{BB6F0165-F136-42AB-93E3-1A4E5E9641E4}.Release|Any CPU.Build.0 = Release|Any CPU
		{B2F8D930-F615-4AD1-A6D2-CEA178F8A889}.Debug|Any CPU.ActiveCfg = Debug|Any CPU
		{B2F8D930-F615-4AD1-A6D2-CEA178F8A889}.Debug|Any CPU.Build.0 = Debug|Any CPU
		{B2F8D930-F615-4AD1-A6D2-CEA178F8A889}.Release|Any CPU.ActiveCfg = Release|Any CPU
		{B2F8D930-F615-4AD1-A6D2-CEA178F8A889}.Release|Any CPU.Build.0 = Release|Any CPU
		{07A46CF2-71F6-4A85-9B0D-BFF1062398E1}.Debug|Any CPU.ActiveCfg = Debug|Any CPU
		{07A46CF2-71F6-4A85-9B0D-BFF1062398E1}.Debug|Any CPU.Build.0 = Debug|Any CPU
		{07A46CF2-71F6-4A85-9B0D-BFF1062398E1}.Release|Any CPU.ActiveCfg = Release|Any CPU
		{07A46CF2-71F6-4A85-9B0D-BFF1062398E1}.Release|Any CPU.Build.0 = Release|Any CPU
		{AD641794-5B2F-45E3-B2FC-B278B74A5071}.Debug|Any CPU.ActiveCfg = Debug|Any CPU
		{AD641794-5B2F-45E3-B2FC-B278B74A5071}.Debug|Any CPU.Build.0 = Debug|Any CPU
		{AD641794-5B2F-45E3-B2FC-B278B74A5071}.Release|Any CPU.ActiveCfg = Release|Any CPU
		{AD641794-5B2F-45E3-B2FC-B278B74A5071}.Release|Any CPU.Build.0 = Release|Any CPU
		{EAE39FCB-7806-4AF9-9F8D-663718D50662}.Debug|Any CPU.ActiveCfg = Debug|Any CPU
		{EAE39FCB-7806-4AF9-9F8D-663718D50662}.Debug|Any CPU.Build.0 = Debug|Any CPU
		{EAE39FCB-7806-4AF9-9F8D-663718D50662}.Release|Any CPU.ActiveCfg = Release|Any CPU
		{EAE39FCB-7806-4AF9-9F8D-663718D50662}.Release|Any CPU.Build.0 = Release|Any CPU
	EndGlobalSection
	GlobalSection(SolutionProperties) = preSolution
		HideSolutionNode = FALSE
	EndGlobalSection
	GlobalSection(NestedProjects) = preSolution
		{3488DA13-174A-4DD0-994C-DC50045FCE20} = {B5AB804F-745D-4240-8CBF-4A73B3DE2A50}
		{A1D9CC7E-163C-4025-9857-948E8F44C7FA} = {39422754-7F67-496E-AFD0-091C69E40DEA}
		{BB6F0165-F136-42AB-93E3-1A4E5E9641E4} = {39422754-7F67-496E-AFD0-091C69E40DEA}
		{07A46CF2-71F6-4A85-9B0D-BFF1062398E1} = {596D839F-315D-414D-AC83-A04284512F43}
		{AD641794-5B2F-45E3-B2FC-B278B74A5071} = {596D839F-315D-414D-AC83-A04284512F43}
		{EAE39FCB-7806-4AF9-9F8D-663718D50662} = {B5AB804F-745D-4240-8CBF-4A73B3DE2A50}
	EndGlobalSection
	GlobalSection(ExtensibilityGlobals) = postSolution
		SolutionGuid = {862DCD7D-6738-42A1-B1BB-4B09D90AAA4B}
	EndGlobalSection
EndGlobal
