
Microsoft Visual Studio Solution File, Format Version 12.00
# Visual Studio Version 17
VisualStudioVersion = 17.4.33403.182
MinimumVisualStudioVersion = 10.0.40219.1
Project("{FAE04EC0-301F-11D3-BF4B-00C04F79EFBC}") = "P01_StudentSystem", "P01_StudentSystem\P01_StudentSystem.csproj", "{B914DB27-7951-4EE7-8A38-698567D2E775}"
EndProject
Global
	GlobalSection(SolutionConfigurationPlatforms) = preSolution
		Debug|Any CPU = Debug|Any CPU
		Release|Any CPU = Release|Any CPU
	EndGlobalSection
	GlobalSection(ProjectConfigurationPlatforms) = postSolution
		{B914DB27-7951-4EE7-8A38-698567D2E775}.Debug|Any CPU.ActiveCfg = Debug|Any CPU
		{B914DB27-7951-4EE7-8A38-698567D2E775}.Debug|Any CPU.Build.0 = Debug|Any CPU
		{B914DB27-7951-4EE7-8A38-698567D2E775}.Release|Any CPU.ActiveCfg = Release|Any CPU
		{B914DB27-7951-4EE7-8A38-698567D2E775}.Release|Any CPU.Build.0 = Release|Any CPU
	EndGlobalSection
	GlobalSection(SolutionProperties) = preSolution
		HideSolutionNode = FALSE
	EndGlobalSection
	GlobalSection(ExtensibilityGlobals) = postSolution
		SolutionGuid = {A3051878-4091-486A-A113-309E8ADE082E}
	EndGlobalSection
EndGlobal
